// !$*UTF8*$!
{
	archiveVersion = 1;
	classes = {
	};
	objectVersion = 50;
	objects = {

/* Begin PBXBuildFile section */
		394CFED9216D3E6100C62593 /* AppDelegate.m in Sources */ = {isa = PBXBuildFile; fileRef = 394CFED8216D3E6100C62593 /* AppDelegate.m */; };
		394CFEDF216D3E6100C62593 /* Main.storyboard in Resources */ = {isa = PBXBuildFile; fileRef = 394CFEDD216D3E6100C62593 /* Main.storyboard */; };
		394CFEE1216D3E6100C62593 /* Assets.xcassets in Resources */ = {isa = PBXBuildFile; fileRef = 394CFEE0216D3E6100C62593 /* Assets.xcassets */; };
		394CFEE4216D3E6100C62593 /* LaunchScreen.storyboard in Resources */ = {isa = PBXBuildFile; fileRef = 394CFEE2216D3E6100C62593 /* LaunchScreen.storyboard */; };
		394CFEE7216D3E6100C62593 /* main.m in Sources */ = {isa = PBXBuildFile; fileRef = 394CFEE6216D3E6100C62593 /* main.m */; };
		394CFEF4216D506800C62593 /* PhotosCollectionViewController.swift in Sources */ = {isa = PBXBuildFile; fileRef = 394CFEF3216D506800C62593 /* PhotosCollectionViewController.swift */; };
		394CFEF8216D50C700C62593 /* PhotoDetailViewController.swift in Sources */ = {isa = PBXBuildFile; fileRef = 394CFEF7216D50C700C62593 /* PhotoDetailViewController.swift */; };
		394CFF00216D5E2200C62593 /* LTBPhoto.m in Sources */ = {isa = PBXBuildFile; fileRef = 394CFEFF216D5E2200C62593 /* LTBPhoto.m */; };
		394CFF03216D61F900C62593 /* LTBCamera.m in Sources */ = {isa = PBXBuildFile; fileRef = 394CFF02216D61F900C62593 /* LTBCamera.m */; };
		394CFF06216D6C7500C62593 /* LTBSolDescription.m in Sources */ = {isa = PBXBuildFile; fileRef = 394CFF05216D6C7500C62593 /* LTBSolDescription.m */; };
		394CFF09216D6F9200C62593 /* LTBRover.m in Sources */ = {isa = PBXBuildFile; fileRef = 394CFF08216D6F9200C62593 /* LTBRover.m */; };
		394CFF0D216D940900C62593 /* LTBMarsController.m in Sources */ = {isa = PBXBuildFile; fileRef = 394CFF0C216D940900C62593 /* LTBMarsController.m */; };
		394CFF11216DC13200C62593 /* LTBPhotoCollectionViewCell.m in Sources */ = {isa = PBXBuildFile; fileRef = 394CFF10216DC13200C62593 /* LTBPhotoCollectionViewCell.m */; };
		394CFF36216E553300C62593 /* LTBCache.m in Sources */ = {isa = PBXBuildFile; fileRef = 394CFF35216E553300C62593 /* LTBCache.m */; };
/* End PBXBuildFile section */

/* Begin PBXFileReference section */
		394CFED4216D3E6100C62593 /* Astronomy ObjC.app */ = {isa = PBXFileReference; explicitFileType = wrapper.application; includeInIndex = 0; path = "Astronomy ObjC.app"; sourceTree = BUILT_PRODUCTS_DIR; };
		394CFED7216D3E6100C62593 /* AppDelegate.h */ = {isa = PBXFileReference; lastKnownFileType = sourcecode.c.h; path = AppDelegate.h; sourceTree = "<group>"; };
		394CFED8216D3E6100C62593 /* AppDelegate.m */ = {isa = PBXFileReference; lastKnownFileType = sourcecode.c.objc; path = AppDelegate.m; sourceTree = "<group>"; };
		394CFEDE216D3E6100C62593 /* Base */ = {isa = PBXFileReference; lastKnownFileType = file.storyboard; name = Base; path = Base.lproj/Main.storyboard; sourceTree = "<group>"; };
		394CFEE0216D3E6100C62593 /* Assets.xcassets */ = {isa = PBXFileReference; lastKnownFileType = folder.assetcatalog; path = Assets.xcassets; sourceTree = "<group>"; };
		394CFEE3216D3E6100C62593 /* Base */ = {isa = PBXFileReference; lastKnownFileType = file.storyboard; name = Base; path = Base.lproj/LaunchScreen.storyboard; sourceTree = "<group>"; };
		394CFEE5216D3E6100C62593 /* Info.plist */ = {isa = PBXFileReference; lastKnownFileType = text.plist.xml; path = Info.plist; sourceTree = "<group>"; };
		394CFEE6216D3E6100C62593 /* main.m */ = {isa = PBXFileReference; lastKnownFileType = sourcecode.c.objc; path = main.m; sourceTree = "<group>"; };
		394CFEED216D3F2200C62593 /* README.md */ = {isa = PBXFileReference; lastKnownFileType = net.daringfireball.markdown; path = README.md; sourceTree = "<group>"; };
		394CFEF2216D506700C62593 /* Astronomy ObjC-Bridging-Header.h */ = {isa = PBXFileReference; lastKnownFileType = sourcecode.c.h; path = "Astronomy ObjC-Bridging-Header.h"; sourceTree = "<group>"; };
		394CFEF3216D506800C62593 /* PhotosCollectionViewController.swift */ = {isa = PBXFileReference; lastKnownFileType = sourcecode.swift; path = PhotosCollectionViewController.swift; sourceTree = "<group>"; };
		394CFEF7216D50C700C62593 /* PhotoDetailViewController.swift */ = {isa = PBXFileReference; lastKnownFileType = sourcecode.swift; path = PhotoDetailViewController.swift; sourceTree = "<group>"; };
		394CFEFE216D5E2200C62593 /* LTBPhoto.h */ = {isa = PBXFileReference; lastKnownFileType = sourcecode.c.h; path = LTBPhoto.h; sourceTree = "<group>"; };
		394CFEFF216D5E2200C62593 /* LTBPhoto.m */ = {isa = PBXFileReference; lastKnownFileType = sourcecode.c.objc; path = LTBPhoto.m; sourceTree = "<group>"; };
		394CFF01216D61F900C62593 /* LTBCamera.h */ = {isa = PBXFileReference; lastKnownFileType = sourcecode.c.h; path = LTBCamera.h; sourceTree = "<group>"; };
		394CFF02216D61F900C62593 /* LTBCamera.m */ = {isa = PBXFileReference; lastKnownFileType = sourcecode.c.objc; path = LTBCamera.m; sourceTree = "<group>"; };
		394CFF04216D6C7500C62593 /* LTBSolDescription.h */ = {isa = PBXFileReference; lastKnownFileType = sourcecode.c.h; path = LTBSolDescription.h; sourceTree = "<group>"; };
		394CFF05216D6C7500C62593 /* LTBSolDescription.m */ = {isa = PBXFileReference; lastKnownFileType = sourcecode.c.objc; path = LTBSolDescription.m; sourceTree = "<group>"; };
		394CFF07216D6F9200C62593 /* LTBRover.h */ = {isa = PBXFileReference; lastKnownFileType = sourcecode.c.h; path = LTBRover.h; sourceTree = "<group>"; };
		394CFF08216D6F9200C62593 /* LTBRover.m */ = {isa = PBXFileReference; lastKnownFileType = sourcecode.c.objc; path = LTBRover.m; sourceTree = "<group>"; };
		394CFF0B216D940900C62593 /* LTBMarsController.h */ = {isa = PBXFileReference; lastKnownFileType = sourcecode.c.h; path = LTBMarsController.h; sourceTree = "<group>"; };
		394CFF0C216D940900C62593 /* LTBMarsController.m */ = {isa = PBXFileReference; lastKnownFileType = sourcecode.c.objc; path = LTBMarsController.m; sourceTree = "<group>"; };
		394CFF0F216DC13200C62593 /* LTBPhotoCollectionViewCell.h */ = {isa = PBXFileReference; lastKnownFileType = sourcecode.c.h; path = LTBPhotoCollectionViewCell.h; sourceTree = "<group>"; };
		394CFF10216DC13200C62593 /* LTBPhotoCollectionViewCell.m */ = {isa = PBXFileReference; lastKnownFileType = sourcecode.c.objc; path = LTBPhotoCollectionViewCell.m; sourceTree = "<group>"; };
		394CFF34216E553300C62593 /* LTBCache.h */ = {isa = PBXFileReference; lastKnownFileType = sourcecode.c.h; path = LTBCache.h; sourceTree = "<group>"; };
		394CFF35216E553300C62593 /* LTBCache.m */ = {isa = PBXFileReference; lastKnownFileType = sourcecode.c.objc; path = LTBCache.m; sourceTree = "<group>"; };
/* End PBXFileReference section */

/* Begin PBXFrameworksBuildPhase section */
		394CFED1216D3E6100C62593 /* Frameworks */ = {
			isa = PBXFrameworksBuildPhase;
			buildActionMask = 2147483647;
			files = (
			);
			runOnlyForDeploymentPostprocessing = 0;
		};
/* End PBXFrameworksBuildPhase section */

/* Begin PBXGroup section */
		394CFECB216D3E6100C62593 = {
			isa = PBXGroup;
			children = (
				394CFEED216D3F2200C62593 /* README.md */,
				394CFED6216D3E6100C62593 /* Astronomy ObjC */,
				394CFED5216D3E6100C62593 /* Products */,
			);
			sourceTree = "<group>";
		};
		394CFED5216D3E6100C62593 /* Products */ = {
			isa = PBXGroup;
			children = (
				394CFED4216D3E6100C62593 /* Astronomy ObjC.app */,
			);
			name = Products;
			sourceTree = "<group>";
		};
		394CFED6216D3E6100C62593 /* Astronomy ObjC */ = {
			isa = PBXGroup;
			children = (
				394CFEF9216D545800C62593 /* Model */,
				394CFF0A216D934200C62593 /* Model Controller */,
				394CFEEE216D4E8F00C62593 /* App Lifecycle */,
				394CFF0E216DC0AA00C62593 /* View */,
				394CFEEF216D4E9C00C62593 /* View Controllers */,
				394CFEF0216D4EA600C62593 /* Storyboards */,
				394CFEF1216D4EAE00C62593 /* Resources */,
			);
			path = "Astronomy ObjC";
			sourceTree = "<group>";
		};
		394CFEEE216D4E8F00C62593 /* App Lifecycle */ = {
			isa = PBXGroup;
			children = (
				394CFED7216D3E6100C62593 /* AppDelegate.h */,
				394CFED8216D3E6100C62593 /* AppDelegate.m */,
			);
			path = "App Lifecycle";
			sourceTree = "<group>";
		};
		394CFEEF216D4E9C00C62593 /* View Controllers */ = {
			isa = PBXGroup;
			children = (
				394CFEF3216D506800C62593 /* PhotosCollectionViewController.swift */,
				394CFEF2216D506700C62593 /* Astronomy ObjC-Bridging-Header.h */,
				394CFEF7216D50C700C62593 /* PhotoDetailViewController.swift */,
			);
			path = "View Controllers";
			sourceTree = "<group>";
		};
		394CFEF0216D4EA600C62593 /* Storyboards */ = {
			isa = PBXGroup;
			children = (
				394CFEDD216D3E6100C62593 /* Main.storyboard */,
				394CFEE2216D3E6100C62593 /* LaunchScreen.storyboard */,
			);
			path = Storyboards;
			sourceTree = "<group>";
		};
		394CFEF1216D4EAE00C62593 /* Resources */ = {
			isa = PBXGroup;
			children = (
				394CFEE0216D3E6100C62593 /* Assets.xcassets */,
				394CFEE5216D3E6100C62593 /* Info.plist */,
				394CFEE6216D3E6100C62593 /* main.m */,
			);
			path = Resources;
			sourceTree = "<group>";
		};
		394CFEF9216D545800C62593 /* Model */ = {
			isa = PBXGroup;
			children = (
				394CFEFE216D5E2200C62593 /* LTBPhoto.h */,
				394CFEFF216D5E2200C62593 /* LTBPhoto.m */,
				394CFF01216D61F900C62593 /* LTBCamera.h */,
				394CFF02216D61F900C62593 /* LTBCamera.m */,
				394CFF07216D6F9200C62593 /* LTBRover.h */,
				394CFF08216D6F9200C62593 /* LTBRover.m */,
				394CFF04216D6C7500C62593 /* LTBSolDescription.h */,
				394CFF05216D6C7500C62593 /* LTBSolDescription.m */,
			);
			path = Model;
			sourceTree = "<group>";
		};
		394CFF0A216D934200C62593 /* Model Controller */ = {
			isa = PBXGroup;
			children = (
				394CFF0B216D940900C62593 /* LTBMarsController.h */,
				394CFF0C216D940900C62593 /* LTBMarsController.m */,
				394CFF34216E553300C62593 /* LTBCache.h */,
				394CFF35216E553300C62593 /* LTBCache.m */,
			);
			path = "Model Controller";
			sourceTree = "<group>";
		};
		394CFF0E216DC0AA00C62593 /* View */ = {
			isa = PBXGroup;
			children = (
				394CFF0F216DC13200C62593 /* LTBPhotoCollectionViewCell.h */,
				394CFF10216DC13200C62593 /* LTBPhotoCollectionViewCell.m */,
			);
			path = View;
			sourceTree = "<group>";
		};
/* End PBXGroup section */

/* Begin PBXNativeTarget section */
		394CFED3216D3E6100C62593 /* Astronomy ObjC */ = {
			isa = PBXNativeTarget;
			buildConfigurationList = 394CFEEA216D3E6100C62593 /* Build configuration list for PBXNativeTarget "Astronomy ObjC" */;
			buildPhases = (
				394CFED0216D3E6100C62593 /* Sources */,
				394CFED1216D3E6100C62593 /* Frameworks */,
				394CFED2216D3E6100C62593 /* Resources */,
			);
			buildRules = (
			);
			dependencies = (
			);
			name = "Astronomy ObjC";
			productName = "Astronomy ObjC";
			productReference = 394CFED4216D3E6100C62593 /* Astronomy ObjC.app */;
			productType = "com.apple.product-type.application";
		};
/* End PBXNativeTarget section */

/* Begin PBXProject section */
		394CFECC216D3E6100C62593 /* Project object */ = {
			isa = PBXProject;
			attributes = {
				CLASSPREFIX = LTB;
				LastUpgradeCheck = 1000;
				ORGANIZATIONNAME = "Linh Bouniol";
				TargetAttributes = {
					394CFED3216D3E6100C62593 = {
						CreatedOnToolsVersion = 10.0;
						LastSwiftMigration = 1000;
					};
				};
			};
			buildConfigurationList = 394CFECF216D3E6100C62593 /* Build configuration list for PBXProject "Astronomy ObjC" */;
			compatibilityVersion = "Xcode 9.3";
			developmentRegion = en;
			hasScannedForEncodings = 0;
			knownRegions = (
				en,
				Base,
			);
			mainGroup = 394CFECB216D3E6100C62593;
			productRefGroup = 394CFED5216D3E6100C62593 /* Products */;
			projectDirPath = "";
			projectRoot = "";
			targets = (
				394CFED3216D3E6100C62593 /* Astronomy ObjC */,
			);
		};
/* End PBXProject section */

/* Begin PBXResourcesBuildPhase section */
		394CFED2216D3E6100C62593 /* Resources */ = {
			isa = PBXResourcesBuildPhase;
			buildActionMask = 2147483647;
			files = (
				394CFEE4216D3E6100C62593 /* LaunchScreen.storyboard in Resources */,
				394CFEE1216D3E6100C62593 /* Assets.xcassets in Resources */,
				394CFEDF216D3E6100C62593 /* Main.storyboard in Resources */,
			);
			runOnlyForDeploymentPostprocessing = 0;
		};
/* End PBXResourcesBuildPhase section */

/* Begin PBXSourcesBuildPhase section */
		394CFED0216D3E6100C62593 /* Sources */ = {
			isa = PBXSourcesBuildPhase;
			buildActionMask = 2147483647;
			files = (
				394CFF00216D5E2200C62593 /* LTBPhoto.m in Sources */,
				394CFEF4216D506800C62593 /* PhotosCollectionViewController.swift in Sources */,
				394CFEE7216D3E6100C62593 /* main.m in Sources */,
				394CFF03216D61F900C62593 /* LTBCamera.m in Sources */,
				394CFEF8216D50C700C62593 /* PhotoDetailViewController.swift in Sources */,
				394CFF09216D6F9200C62593 /* LTBRover.m in Sources */,
				394CFED9216D3E6100C62593 /* AppDelegate.m in Sources */,
				394CFF0D216D940900C62593 /* LTBMarsController.m in Sources */,
				394CFF11216DC13200C62593 /* LTBPhotoCollectionViewCell.m in Sources */,
				394CFF36216E553300C62593 /* LTBCache.m in Sources */,
				394CFF06216D6C7500C62593 /* LTBSolDescription.m in Sources */,
			);
			runOnlyForDeploymentPostprocessing = 0;
		};
/* End PBXSourcesBuildPhase section */

/* Begin PBXVariantGroup section */
		394CFEDD216D3E6100C62593 /* Main.storyboard */ = {
			isa = PBXVariantGroup;
			children = (
				394CFEDE216D3E6100C62593 /* Base */,
			);
			name = Main.storyboard;
			sourceTree = "<group>";
		};
		394CFEE2216D3E6100C62593 /* LaunchScreen.storyboard */ = {
			isa = PBXVariantGroup;
			children = (
				394CFEE3216D3E6100C62593 /* Base */,
			);
			name = LaunchScreen.storyboard;
			sourceTree = "<group>";
		};
/* End PBXVariantGroup section */

/* Begin XCBuildConfiguration section */
		394CFEE8216D3E6100C62593 /* Debug */ = {
			isa = XCBuildConfiguration;
			buildSettings = {
				ALWAYS_SEARCH_USER_PATHS = NO;
				CLANG_ANALYZER_NONNULL = YES;
				CLANG_ANALYZER_NUMBER_OBJECT_CONVERSION = YES_AGGRESSIVE;
				CLANG_CXX_LANGUAGE_STANDARD = "gnu++14";
				CLANG_CXX_LIBRARY = "libc++";
				CLANG_ENABLE_MODULES = YES;
				CLANG_ENABLE_OBJC_ARC = YES;
				CLANG_ENABLE_OBJC_WEAK = YES;
				CLANG_WARN_BLOCK_CAPTURE_AUTORELEASING = YES;
				CLANG_WARN_BOOL_CONVERSION = YES;
				CLANG_WARN_COMMA = YES;
				CLANG_WARN_CONSTANT_CONVERSION = YES;
				CLANG_WARN_DEPRECATED_OBJC_IMPLEMENTATIONS = YES;
				CLANG_WARN_DIRECT_OBJC_ISA_USAGE = YES_ERROR;
				CLANG_WARN_DOCUMENTATION_COMMENTS = YES;
				CLANG_WARN_EMPTY_BODY = YES;
				CLANG_WARN_ENUM_CONVERSION = YES;
				CLANG_WARN_INFINITE_RECURSION = YES;
				CLANG_WARN_INT_CONVERSION = YES;
				CLANG_WARN_NON_LITERAL_NULL_CONVERSION = YES;
				CLANG_WARN_OBJC_IMPLICIT_RETAIN_SELF = YES;
				CLANG_WARN_OBJC_LITERAL_CONVERSION = YES;
				CLANG_WARN_OBJC_ROOT_CLASS = YES_ERROR;
				CLANG_WARN_RANGE_LOOP_ANALYSIS = YES;
				CLANG_WARN_STRICT_PROTOTYPES = YES;
				CLANG_WARN_SUSPICIOUS_MOVE = YES;
				CLANG_WARN_UNGUARDED_AVAILABILITY = YES_AGGRESSIVE;
				CLANG_WARN_UNREACHABLE_CODE = YES;
				CLANG_WARN__DUPLICATE_METHOD_MATCH = YES;
				CODE_SIGN_IDENTITY = "iPhone Developer";
				COPY_PHASE_STRIP = NO;
				DEBUG_INFORMATION_FORMAT = dwarf;
				ENABLE_STRICT_OBJC_MSGSEND = YES;
				ENABLE_TESTABILITY = YES;
				GCC_C_LANGUAGE_STANDARD = gnu11;
				GCC_DYNAMIC_NO_PIC = NO;
				GCC_NO_COMMON_BLOCKS = YES;
				GCC_OPTIMIZATION_LEVEL = 0;
				GCC_PREPROCESSOR_DEFINITIONS = (
					"DEBUG=1",
					"$(inherited)",
				);
				GCC_WARN_64_TO_32_BIT_CONVERSION = YES;
				GCC_WARN_ABOUT_RETURN_TYPE = YES_ERROR;
				GCC_WARN_UNDECLARED_SELECTOR = YES;
				GCC_WARN_UNINITIALIZED_AUTOS = YES_AGGRESSIVE;
				GCC_WARN_UNUSED_FUNCTION = YES;
				GCC_WARN_UNUSED_VARIABLE = YES;
				IPHONEOS_DEPLOYMENT_TARGET = 12.0;
				MTL_ENABLE_DEBUG_INFO = INCLUDE_SOURCE;
				MTL_FAST_MATH = YES;
				ONLY_ACTIVE_ARCH = YES;
				SDKROOT = iphoneos;
			};
			name = Debug;
		};
		394CFEE9216D3E6100C62593 /* Release */ = {
			isa = XCBuildConfiguration;
			buildSettings = {
				ALWAYS_SEARCH_USER_PATHS = NO;
				CLANG_ANALYZER_NONNULL = YES;
				CLANG_ANALYZER_NUMBER_OBJECT_CONVERSION = YES_AGGRESSIVE;
				CLANG_CXX_LANGUAGE_STANDARD = "gnu++14";
				CLANG_CXX_LIBRARY = "libc++";
				CLANG_ENABLE_MODULES = YES;
				CLANG_ENABLE_OBJC_ARC = YES;
				CLANG_ENABLE_OBJC_WEAK = YES;
				CLANG_WARN_BLOCK_CAPTURE_AUTORELEASING = YES;
				CLANG_WARN_BOOL_CONVERSION = YES;
				CLANG_WARN_COMMA = YES;
				CLANG_WARN_CONSTANT_CONVERSION = YES;
				CLANG_WARN_DEPRECATED_OBJC_IMPLEMENTATIONS = YES;
				CLANG_WARN_DIRECT_OBJC_ISA_USAGE = YES_ERROR;
				CLANG_WARN_DOCUMENTATION_COMMENTS = YES;
				CLANG_WARN_EMPTY_BODY = YES;
				CLANG_WARN_ENUM_CONVERSION = YES;
				CLANG_WARN_INFINITE_RECURSION = YES;
				CLANG_WARN_INT_CONVERSION = YES;
				CLANG_WARN_NON_LITERAL_NULL_CONVERSION = YES;
				CLANG_WARN_OBJC_IMPLICIT_RETAIN_SELF = YES;
				CLANG_WARN_OBJC_LITERAL_CONVERSION = YES;
				CLANG_WARN_OBJC_ROOT_CLASS = YES_ERROR;
				CLANG_WARN_RANGE_LOOP_ANALYSIS = YES;
				CLANG_WARN_STRICT_PROTOTYPES = YES;
				CLANG_WARN_SUSPICIOUS_MOVE = YES;
				CLANG_WARN_UNGUARDED_AVAILABILITY = YES_AGGRESSIVE;
				CLANG_WARN_UNREACHABLE_CODE = YES;
				CLANG_WARN__DUPLICATE_METHOD_MATCH = YES;
				CODE_SIGN_IDENTITY = "iPhone Developer";
				COPY_PHASE_STRIP = NO;
				DEBUG_INFORMATION_FORMAT = "dwarf-with-dsym";
				ENABLE_NS_ASSERTIONS = NO;
				ENABLE_STRICT_OBJC_MSGSEND = YES;
				GCC_C_LANGUAGE_STANDARD = gnu11;
				GCC_NO_COMMON_BLOCKS = YES;
				GCC_WARN_64_TO_32_BIT_CONVERSION = YES;
				GCC_WARN_ABOUT_RETURN_TYPE = YES_ERROR;
				GCC_WARN_UNDECLARED_SELECTOR = YES;
				GCC_WARN_UNINITIALIZED_AUTOS = YES_AGGRESSIVE;
				GCC_WARN_UNUSED_FUNCTION = YES;
				GCC_WARN_UNUSED_VARIABLE = YES;
				IPHONEOS_DEPLOYMENT_TARGET = 12.0;
				MTL_ENABLE_DEBUG_INFO = NO;
				MTL_FAST_MATH = YES;
				SDKROOT = iphoneos;
				VALIDATE_PRODUCT = YES;
			};
			name = Release;
		};
		394CFEEB216D3E6100C62593 /* Debug */ = {
			isa = XCBuildConfiguration;
			buildSettings = {
				ASSETCATALOG_COMPILER_APPICON_NAME = AppIcon;
				CLANG_ENABLE_MODULES = YES;
				CODE_SIGN_STYLE = Automatic;
				DEVELOPMENT_TEAM = "";
				INFOPLIST_FILE = "$(SRCROOT)/Astronomy ObjC/Resources/Info.plist";
				LD_RUNPATH_SEARCH_PATHS = (
					"$(inherited)",
					"@executable_path/Frameworks",
				);
				PRODUCT_BUNDLE_IDENTIFIER = "com.linhbouniol.Astronomy-ObjC";
				PRODUCT_NAME = "$(TARGET_NAME)";
				SWIFT_OBJC_BRIDGING_HEADER = "Astronomy ObjC/View Controllers/Astronomy ObjC-Bridging-Header.h";
				SWIFT_OPTIMIZATION_LEVEL = "-Onone";
				SWIFT_VERSION = 4.2;
				TARGETED_DEVICE_FAMILY = "1,2";
			};
			name = Debug;
		};
		394CFEEC216D3E6100C62593 /* Release */ = {
			isa = XCBuildConfiguration;
			buildSettings = {
				ASSETCATALOG_COMPILER_APPICON_NAME = AppIcon;
				CLANG_ENABLE_MODULES = YES;
				CODE_SIGN_STYLE = Automatic;
				DEVELOPMENT_TEAM = "";
				INFOPLIST_FILE = "$(SRCROOT)/Astronomy ObjC/Resources/Info.plist";
				LD_RUNPATH_SEARCH_PATHS = (
					"$(inherited)",
					"@executable_path/Frameworks",
				);
				PRODUCT_BUNDLE_IDENTIFIER = "com.linhbouniol.Astronomy-ObjC";
				PRODUCT_NAME = "$(TARGET_NAME)";
				SWIFT_OBJC_BRIDGING_HEADER = "Astronomy ObjC/View Controllers/Astronomy ObjC-Bridging-Header.h";
				SWIFT_VERSION = 4.2;
				TARGETED_DEVICE_FAMILY = "1,2";
			};
			name = Release;
		};
/* End XCBuildConfiguration section */

/* Begin XCConfigurationList section */
		394CFECF216D3E6100C62593 /* Build configuration list for PBXProject "Astronomy ObjC" */ = {
			isa = XCConfigurationList;
			buildConfigurations = (
				394CFEE8216D3E6100C62593 /* Debug */,
				394CFEE9216D3E6100C62593 /* Release */,
			);
			defaultConfigurationIsVisible = 0;
			defaultConfigurationName = Release;
		};
		394CFEEA216D3E6100C62593 /* Build configuration list for PBXNativeTarget "Astronomy ObjC" */ = {
			isa = XCConfigurationList;
			buildConfigurations = (
				394CFEEB216D3E6100C62593 /* Debug */,
				394CFEEC216D3E6100C62593 /* Release */,
			);
			defaultConfigurationIsVisible = 0;
			defaultConfigurationName = Release;
		};
/* End XCConfigurationList section */
	};
	rootObject = 394CFECC216D3E6100C62593 /* Project object */;
}
